// !$*UTF8*$!
{
	archiveVersion = 1;
	classes = {
	};
	objectVersion = 56;
	objects = {

/* Begin PBXBuildFile section */
		8F1DC36A2A1A367500C933EB /* SettingsLableView.swift in Sources */ = {isa = PBXBuildFile; fileRef = 8F1DC3692A1A367500C933EB /* SettingsLableView.swift */; };
		8F3FDCA02A100F520097487A /* FruitsDetailView.swift in Sources */ = {isa = PBXBuildFile; fileRef = 8F3FDC9F2A100F520097487A /* FruitsDetailView.swift */; };
		8F57533529C5D78B0010C41E /* FruitData.swift in Sources */ = {isa = PBXBuildFile; fileRef = 8F57533429C5D78B0010C41E /* FruitData.swift */; };
		8F6891352A1671E30087103C /* FruitHeaderView.swift in Sources */ = {isa = PBXBuildFile; fileRef = 8F6891342A1671E30087103C /* FruitHeaderView.swift */; };
		8F69C8C029C2404100903FEE /* FructusApp.swift in Sources */ = {isa = PBXBuildFile; fileRef = 8F69C8BF29C2404100903FEE /* FructusApp.swift */; };
		8F69C8C229C2404100903FEE /* ContentView.swift in Sources */ = {isa = PBXBuildFile; fileRef = 8F69C8C129C2404100903FEE /* ContentView.swift */; };
		8F69C8C429C2404200903FEE /* Assets.xcassets in Resources */ = {isa = PBXBuildFile; fileRef = 8F69C8C329C2404200903FEE /* Assets.xcassets */; };
		8F69C8C729C2404200903FEE /* Preview Assets.xcassets in Resources */ = {isa = PBXBuildFile; fileRef = 8F69C8C629C2404200903FEE /* Preview Assets.xcassets */; };
		8F8358152A1923A600EEAF12 /* FruitNutrientsView.swift in Sources */ = {isa = PBXBuildFile; fileRef = 8F8358142A1923A600EEAF12 /* FruitNutrientsView.swift */; };
		8F8358172A1930A000EEAF12 /* SettingsView.swift in Sources */ = {isa = PBXBuildFile; fileRef = 8F8358162A1930A000EEAF12 /* SettingsView.swift */; };
		8F86078729C5CBC4008A234C /* FruitsModel.swift in Sources */ = {isa = PBXBuildFile; fileRef = 8F86078629C5CBC4008A234C /* FruitsModel.swift */; };
		8F9198212A1BAFDD008E8114 /* SettingsRowView.swift in Sources */ = {isa = PBXBuildFile; fileRef = 8F9198202A1BAFDD008E8114 /* SettingsRowView.swift */; };
		8FC3C07429C2EA14002B7320 /* FruitCardView.swift in Sources */ = {isa = PBXBuildFile; fileRef = 8FC3C07329C2EA14002B7320 /* FruitCardView.swift */; };
		8FCCF83E2A16A8F00004590E /* SourceLinkView.swift in Sources */ = {isa = PBXBuildFile; fileRef = 8FCCF83D2A16A8F00004590E /* SourceLinkView.swift */; };
		8FE2476429C4E604003B4C15 /* StartButtonView.swift in Sources */ = {isa = PBXBuildFile; fileRef = 8FE2476329C4E604003B4C15 /* StartButtonView.swift */; };
		8FEB929E2A0F2C5E00A0CCF2 /* FruitRowView.swift in Sources */ = {isa = PBXBuildFile; fileRef = 8FEB929D2A0F2C5E00A0CCF2 /* FruitRowView.swift */; };
		8FFF993929C5505D001B134F /* OnboardingView.swift in Sources */ = {isa = PBXBuildFile; fileRef = 8FFF993829C5505D001B134F /* OnboardingView.swift */; };
/* End PBXBuildFile section */

/* Begin PBXFileReference section */
		8F1DC3692A1A367500C933EB /* SettingsLableView.swift */ = {isa = PBXFileReference; lastKnownFileType = sourcecode.swift; path = SettingsLableView.swift; sourceTree = "<group>"; };
		8F3FDC9F2A100F520097487A /* FruitsDetailView.swift */ = {isa = PBXFileReference; lastKnownFileType = sourcecode.swift; path = FruitsDetailView.swift; sourceTree = "<group>"; };
		8F57533429C5D78B0010C41E /* FruitData.swift */ = {isa = PBXFileReference; lastKnownFileType = sourcecode.swift; path = FruitData.swift; sourceTree = "<group>"; };
		8F6891342A1671E30087103C /* FruitHeaderView.swift */ = {isa = PBXFileReference; lastKnownFileType = sourcecode.swift; path = FruitHeaderView.swift; sourceTree = "<group>"; };
		8F69C8BC29C2404100903FEE /* Fructus.app */ = {isa = PBXFileReference; explicitFileType = wrapper.application; includeInIndex = 0; path = Fructus.app; sourceTree = BUILT_PRODUCTS_DIR; };
		8F69C8BF29C2404100903FEE /* FructusApp.swift */ = {isa = PBXFileReference; lastKnownFileType = sourcecode.swift; path = FructusApp.swift; sourceTree = "<group>"; };
		8F69C8C129C2404100903FEE /* ContentView.swift */ = {isa = PBXFileReference; lastKnownFileType = sourcecode.swift; path = ContentView.swift; sourceTree = "<group>"; };
		8F69C8C329C2404200903FEE /* Assets.xcassets */ = {isa = PBXFileReference; lastKnownFileType = folder.assetcatalog; path = Assets.xcassets; sourceTree = "<group>"; };
		8F69C8C629C2404200903FEE /* Preview Assets.xcassets */ = {isa = PBXFileReference; lastKnownFileType = folder.assetcatalog; path = "Preview Assets.xcassets"; sourceTree = "<group>"; };
		8F8358142A1923A600EEAF12 /* FruitNutrientsView.swift */ = {isa = PBXFileReference; lastKnownFileType = sourcecode.swift; path = FruitNutrientsView.swift; sourceTree = "<group>"; };
		8F8358162A1930A000EEAF12 /* SettingsView.swift */ = {isa = PBXFileReference; lastKnownFileType = sourcecode.swift; path = SettingsView.swift; sourceTree = "<group>"; };
		8F86078629C5CBC4008A234C /* FruitsModel.swift */ = {isa = PBXFileReference; lastKnownFileType = sourcecode.swift; path = FruitsModel.swift; sourceTree = "<group>"; };
		8F9198202A1BAFDD008E8114 /* SettingsRowView.swift */ = {isa = PBXFileReference; lastKnownFileType = sourcecode.swift; path = SettingsRowView.swift; sourceTree = "<group>"; };
		8FC3C07329C2EA14002B7320 /* FruitCardView.swift */ = {isa = PBXFileReference; lastKnownFileType = sourcecode.swift; path = FruitCardView.swift; sourceTree = "<group>"; };
		8FCCF83D2A16A8F00004590E /* SourceLinkView.swift */ = {isa = PBXFileReference; lastKnownFileType = sourcecode.swift; path = SourceLinkView.swift; sourceTree = "<group>"; };
		8FE2476329C4E604003B4C15 /* StartButtonView.swift */ = {isa = PBXFileReference; lastKnownFileType = sourcecode.swift; path = StartButtonView.swift; sourceTree = "<group>"; };
		8FEB929D2A0F2C5E00A0CCF2 /* FruitRowView.swift */ = {isa = PBXFileReference; lastKnownFileType = sourcecode.swift; path = FruitRowView.swift; sourceTree = "<group>"; };
		8FFF993829C5505D001B134F /* OnboardingView.swift */ = {isa = PBXFileReference; lastKnownFileType = sourcecode.swift; path = OnboardingView.swift; sourceTree = "<group>"; };
/* End PBXFileReference section */

/* Begin PBXFrameworksBuildPhase section */
		8F69C8B929C2404100903FEE /* Frameworks */ = {
			isa = PBXFrameworksBuildPhase;
			buildActionMask = 2147483647;
			files = (
			);
			runOnlyForDeploymentPostprocessing = 0;
		};
/* End PBXFrameworksBuildPhase section */

/* Begin PBXGroup section */
		8F69C8B329C2404100903FEE = {
			isa = PBXGroup;
			children = (
				8F69C8BE29C2404100903FEE /* Fructus */,
				8F69C8BD29C2404100903FEE /* Products */,
			);
			sourceTree = "<group>";
		};
		8F69C8BD29C2404100903FEE /* Products */ = {
			isa = PBXGroup;
			children = (
				8F69C8BC29C2404100903FEE /* Fructus.app */,
			);
			name = Products;
			sourceTree = "<group>";
		};
		8F69C8BE29C2404100903FEE /* Fructus */ = {
			isa = PBXGroup;
			children = (
				8F86078829C5D1B7008A234C /* Data */,
				8F86078529C5C737008A234C /* Model */,
				8FC3C07029C2E60A002B7320 /* Views */,
				8FC3C06F29C2E5BB002B7320 /* App */,
				8F69C8C329C2404200903FEE /* Assets.xcassets */,
				8F69C8C529C2404200903FEE /* Preview Content */,
			);
			path = Fructus;
			sourceTree = "<group>";
		};
		8F69C8C529C2404200903FEE /* Preview Content */ = {
			isa = PBXGroup;
			children = (
				8F69C8C629C2404200903FEE /* Preview Assets.xcassets */,
			);
			path = "Preview Content";
			sourceTree = "<group>";
		};
		8F86078529C5C737008A234C /* Model */ = {
			isa = PBXGroup;
			children = (
				8F86078629C5CBC4008A234C /* FruitsModel.swift */,
			);
			path = Model;
			sourceTree = "<group>";
		};
		8F86078829C5D1B7008A234C /* Data */ = {
			isa = PBXGroup;
			children = (
				8F57533429C5D78B0010C41E /* FruitData.swift */,
			);
			path = Data;
			sourceTree = "<group>";
		};
		8FC3C06F29C2E5BB002B7320 /* App */ = {
			isa = PBXGroup;
			children = (
				8F69C8BF29C2404100903FEE /* FructusApp.swift */,
				8F69C8C129C2404100903FEE /* ContentView.swift */,
				8FFF993829C5505D001B134F /* OnboardingView.swift */,
				8F8358162A1930A000EEAF12 /* SettingsView.swift */,
			);
			path = App;
			sourceTree = "<group>";
		};
		8FC3C07029C2E60A002B7320 /* Views */ = {
			isa = PBXGroup;
			children = (
				8FC3C07329C2EA14002B7320 /* FruitCardView.swift */,
				8FE2476329C4E604003B4C15 /* StartButtonView.swift */,
				8FEB929D2A0F2C5E00A0CCF2 /* FruitRowView.swift */,
				8F3FDC9F2A100F520097487A /* FruitsDetailView.swift */,
				8F6891342A1671E30087103C /* FruitHeaderView.swift */,
				8FCCF83D2A16A8F00004590E /* SourceLinkView.swift */,
				8F8358142A1923A600EEAF12 /* FruitNutrientsView.swift */,
				8F1DC3692A1A367500C933EB /* SettingsLableView.swift */,
				8F9198202A1BAFDD008E8114 /* SettingsRowView.swift */,
			);
			path = Views;
			sourceTree = "<group>";
		};
/* End PBXGroup section */

/* Begin PBXNativeTarget section */
		8F69C8BB29C2404100903FEE /* Fructus */ = {
			isa = PBXNativeTarget;
			buildConfigurationList = 8F69C8CA29C2404200903FEE /* Build configuration list for PBXNativeTarget "Fructus" */;
			buildPhases = (
				8F69C8B829C2404100903FEE /* Sources */,
				8F69C8B929C2404100903FEE /* Frameworks */,
				8F69C8BA29C2404100903FEE /* Resources */,
			);
			buildRules = (
			);
			dependencies = (
			);
			name = Fructus;
			productName = Fructus;
			productReference = 8F69C8BC29C2404100903FEE /* Fructus.app */;
			productType = "com.apple.product-type.application";
		};
/* End PBXNativeTarget section */

/* Begin PBXProject section */
		8F69C8B429C2404100903FEE /* Project object */ = {
			isa = PBXProject;
			attributes = {
				BuildIndependentTargetsInParallel = 1;
				LastSwiftUpdateCheck = 1420;
				LastUpgradeCheck = 1420;
				TargetAttributes = {
					8F69C8BB29C2404100903FEE = {
						CreatedOnToolsVersion = 14.2;
					};
				};
			};
			buildConfigurationList = 8F69C8B729C2404100903FEE /* Build configuration list for PBXProject "Fructus" */;
			compatibilityVersion = "Xcode 14.0";
			developmentRegion = en;
			hasScannedForEncodings = 0;
			knownRegions = (
				en,
				Base,
			);
			mainGroup = 8F69C8B329C2404100903FEE;
			productRefGroup = 8F69C8BD29C2404100903FEE /* Products */;
			projectDirPath = "";
			projectRoot = "";
			targets = (
				8F69C8BB29C2404100903FEE /* Fructus */,
			);
		};
/* End PBXProject section */

/* Begin PBXResourcesBuildPhase section */
		8F69C8BA29C2404100903FEE /* Resources */ = {
			isa = PBXResourcesBuildPhase;
			buildActionMask = 2147483647;
			files = (
				8F69C8C729C2404200903FEE /* Preview Assets.xcassets in Resources */,
				8F69C8C429C2404200903FEE /* Assets.xcassets in Resources */,
			);
			runOnlyForDeploymentPostprocessing = 0;
		};
/* End PBXResourcesBuildPhase section */

/* Begin PBXSourcesBuildPhase section */
		8F69C8B829C2404100903FEE /* Sources */ = {
			isa = PBXSourcesBuildPhase;
			buildActionMask = 2147483647;
			files = (
				8F57533529C5D78B0010C41E /* FruitData.swift in Sources */,
				8FCCF83E2A16A8F00004590E /* SourceLinkView.swift in Sources */,
				8F9198212A1BAFDD008E8114 /* SettingsRowView.swift in Sources */,
				8FC3C07429C2EA14002B7320 /* FruitCardView.swift in Sources */,
				8FEB929E2A0F2C5E00A0CCF2 /* FruitRowView.swift in Sources */,
				8F8358152A1923A600EEAF12 /* FruitNutrientsView.swift in Sources */,
				8FE2476429C4E604003B4C15 /* StartButtonView.swift in Sources */,
				8F86078729C5CBC4008A234C /* FruitsModel.swift in Sources */,
				8F69C8C229C2404100903FEE /* ContentView.swift in Sources */,
				8F6891352A1671E30087103C /* FruitHeaderView.swift in Sources */,
				8FFF993929C5505D001B134F /* OnboardingView.swift in Sources */,
				8F69C8C029C2404100903FEE /* FructusApp.swift in Sources */,
				8F3FDCA02A100F520097487A /* FruitsDetailView.swift in Sources */,
				8F1DC36A2A1A367500C933EB /* SettingsLableView.swift in Sources */,
				8F8358172A1930A000EEAF12 /* SettingsView.swift in Sources */,
			);
			runOnlyForDeploymentPostprocessing = 0;
		};
/* End PBXSourcesBuildPhase section */

/* Begin XCBuildConfiguration section */
		8F69C8C829C2404200903FEE /* Debug */ = {
			isa = XCBuildConfiguration;
			buildSettings = {
				ALWAYS_SEARCH_USER_PATHS = NO;
				CLANG_ANALYZER_NONNULL = YES;
				CLANG_ANALYZER_NUMBER_OBJECT_CONVERSION = YES_AGGRESSIVE;
				CLANG_CXX_LANGUAGE_STANDARD = "gnu++20";
				CLANG_ENABLE_MODULES = YES;
				CLANG_ENABLE_OBJC_ARC = YES;
				CLANG_ENABLE_OBJC_WEAK = YES;
				CLANG_WARN_BLOCK_CAPTURE_AUTORELEASING = YES;
				CLANG_WARN_BOOL_CONVERSION = YES;
				CLANG_WARN_COMMA = YES;
				CLANG_WARN_CONSTANT_CONVERSION = YES;
				CLANG_WARN_DEPRECATED_OBJC_IMPLEMENTATIONS = YES;
				CLANG_WARN_DIRECT_OBJC_ISA_USAGE = YES_ERROR;
				CLANG_WARN_DOCUMENTATION_COMMENTS = YES;
				CLANG_WARN_EMPTY_BODY = YES;
				CLANG_WARN_ENUM_CONVERSION = YES;
				CLANG_WARN_INFINITE_RECURSION = YES;
				CLANG_WARN_INT_CONVERSION = YES;
				CLANG_WARN_NON_LITERAL_NULL_CONVERSION = YES;
				CLANG_WARN_OBJC_IMPLICIT_RETAIN_SELF = YES;
				CLANG_WARN_OBJC_LITERAL_CONVERSION = YES;
				CLANG_WARN_OBJC_ROOT_CLASS = YES_ERROR;
				CLANG_WARN_QUOTED_INCLUDE_IN_FRAMEWORK_HEADER = YES;
				CLANG_WARN_RANGE_LOOP_ANALYSIS = YES;
				CLANG_WARN_STRICT_PROTOTYPES = YES;
				CLANG_WARN_SUSPICIOUS_MOVE = YES;
				CLANG_WARN_UNGUARDED_AVAILABILITY = YES_AGGRESSIVE;
				CLANG_WARN_UNREACHABLE_CODE = YES;
				CLANG_WARN__DUPLICATE_METHOD_MATCH = YES;
				COPY_PHASE_STRIP = NO;
				DEBUG_INFORMATION_FORMAT = dwarf;
				ENABLE_STRICT_OBJC_MSGSEND = YES;
				ENABLE_TESTABILITY = YES;
				GCC_C_LANGUAGE_STANDARD = gnu11;
				GCC_DYNAMIC_NO_PIC = NO;
				GCC_NO_COMMON_BLOCKS = YES;
				GCC_OPTIMIZATION_LEVEL = 0;
				GCC_PREPROCESSOR_DEFINITIONS = (
					"DEBUG=1",
					"$(inherited)",
				);
				GCC_WARN_64_TO_32_BIT_CONVERSION = YES;
				GCC_WARN_ABOUT_RETURN_TYPE = YES_ERROR;
				GCC_WARN_UNDECLARED_SELECTOR = YES;
				GCC_WARN_UNINITIALIZED_AUTOS = YES_AGGRESSIVE;
				GCC_WARN_UNUSED_FUNCTION = YES;
				GCC_WARN_UNUSED_VARIABLE = YES;
				IPHONEOS_DEPLOYMENT_TARGET = 16.2;
				MTL_ENABLE_DEBUG_INFO = INCLUDE_SOURCE;
				MTL_FAST_MATH = YES;
				ONLY_ACTIVE_ARCH = YES;
				SDKROOT = iphoneos;
				SWIFT_ACTIVE_COMPILATION_CONDITIONS = DEBUG;
				SWIFT_OPTIMIZATION_LEVEL = "-Onone";
			};
			name = Debug;
		};
		8F69C8C929C2404200903FEE /* Release */ = {
			isa = XCBuildConfiguration;
			buildSettings = {
				ALWAYS_SEARCH_USER_PATHS = NO;
				CLANG_ANALYZER_NONNULL = YES;
				CLANG_ANALYZER_NUMBER_OBJECT_CONVERSION = YES_AGGRESSIVE;
				CLANG_CXX_LANGUAGE_STANDARD = "gnu++20";
				CLANG_ENABLE_MODULES = YES;
				CLANG_ENABLE_OBJC_ARC = YES;
				CLANG_ENABLE_OBJC_WEAK = YES;
				CLANG_WARN_BLOCK_CAPTURE_AUTORELEASING = YES;
				CLANG_WARN_BOOL_CONVERSION = YES;
				CLANG_WARN_COMMA = YES;
				CLANG_WARN_CONSTANT_CONVERSION = YES;
				CLANG_WARN_DEPRECATED_OBJC_IMPLEMENTATIONS = YES;
				CLANG_WARN_DIRECT_OBJC_ISA_USAGE = YES_ERROR;
				CLANG_WARN_DOCUMENTATION_COMMENTS = YES;
				CLANG_WARN_EMPTY_BODY = YES;
				CLANG_WARN_ENUM_CONVERSION = YES;
				CLANG_WARN_INFINITE_RECURSION = YES;
				CLANG_WARN_INT_CONVERSION = YES;
				CLANG_WARN_NON_LITERAL_NULL_CONVERSION = YES;
				CLANG_WARN_OBJC_IMPLICIT_RETAIN_SELF = YES;
				CLANG_WARN_OBJC_LITERAL_CONVERSION = YES;
				CLANG_WARN_OBJC_ROOT_CLASS = YES_ERROR;
				CLANG_WARN_QUOTED_INCLUDE_IN_FRAMEWORK_HEADER = YES;
				CLANG_WARN_RANGE_LOOP_ANALYSIS = YES;
				CLANG_WARN_STRICT_PROTOTYPES = YES;
				CLANG_WARN_SUSPICIOUS_MOVE = YES;
				CLANG_WARN_UNGUARDED_AVAILABILITY = YES_AGGRESSIVE;
				CLANG_WARN_UNREACHABLE_CODE = YES;
				CLANG_WARN__DUPLICATE_METHOD_MATCH = YES;
				COPY_PHASE_STRIP = NO;
				DEBUG_INFORMATION_FORMAT = "dwarf-with-dsym";
				ENABLE_NS_ASSERTIONS = NO;
				ENABLE_STRICT_OBJC_MSGSEND = YES;
				GCC_C_LANGUAGE_STANDARD = gnu11;
				GCC_NO_COMMON_BLOCKS = YES;
				GCC_WARN_64_TO_32_BIT_CONVERSION = YES;
				GCC_WARN_ABOUT_RETURN_TYPE = YES_ERROR;
				GCC_WARN_UNDECLARED_SELECTOR = YES;
				GCC_WARN_UNINITIALIZED_AUTOS = YES_AGGRESSIVE;
				GCC_WARN_UNUSED_FUNCTION = YES;
				GCC_WARN_UNUSED_VARIABLE = YES;
				IPHONEOS_DEPLOYMENT_TARGET = 16.2;
				MTL_ENABLE_DEBUG_INFO = NO;
				MTL_FAST_MATH = YES;
				SDKROOT = iphoneos;
				SWIFT_COMPILATION_MODE = wholemodule;
				SWIFT_OPTIMIZATION_LEVEL = "-O";
				VALIDATE_PRODUCT = YES;
			};
			name = Release;
		};
		8F69C8CB29C2404200903FEE /* Debug */ = {
			isa = XCBuildConfiguration;
			buildSettings = {
				ASSETCATALOG_COMPILER_APPICON_NAME = AppIcon;
				ASSETCATALOG_COMPILER_GLOBAL_ACCENT_COLOR_NAME = AccentColor;
				CODE_SIGN_STYLE = Automatic;
				CURRENT_PROJECT_VERSION = 1;
				DEVELOPMENT_ASSET_PATHS = "\"Fructus/Preview Content\"";
				ENABLE_PREVIEWS = YES;
				GENERATE_INFOPLIST_FILE = YES;
				INFOPLIST_KEY_UIApplicationSceneManifest_Generation = YES;
				INFOPLIST_KEY_UIApplicationSupportsIndirectInputEvents = YES;
				INFOPLIST_KEY_UILaunchScreen_Generation = YES;
				INFOPLIST_KEY_UISupportedInterfaceOrientations = UIInterfaceOrientationPortrait;
				INFOPLIST_KEY_UISupportedInterfaceOrientations_iPad = "UIInterfaceOrientationLandscapeLeft UIInterfaceOrientationLandscapeRight UIInterfaceOrientationPortrait UIInterfaceOrientationPortraitUpsideDown";
				LD_RUNPATH_SEARCH_PATHS = (
					"$(inherited)",
					"@executable_path/Frameworks",
				);
				MARKETING_VERSION = 1.0;
				PRODUCT_BUNDLE_IDENTIFIER = com.lecle.Fructus;
				PRODUCT_NAME = "$(TARGET_NAME)";
				SWIFT_EMIT_LOC_STRINGS = YES;
				SWIFT_VERSION = 5.0;
				TARGETED_DEVICE_FAMILY = "1,2";
			};
			name = Debug;
		};
		8F69C8CC29C2404200903FEE /* Release */ = {
			isa = XCBuildConfiguration;
			buildSettings = {
				ASSETCATALOG_COMPILER_APPICON_NAME = AppIcon;
				ASSETCATALOG_COMPILER_GLOBAL_ACCENT_COLOR_NAME = AccentColor;
				CODE_SIGN_STYLE = Automatic;
				CURRENT_PROJECT_VERSION = 1;
				DEVELOPMENT_ASSET_PATHS = "\"Fructus/Preview Content\"";
				ENABLE_PREVIEWS = YES;
				GENERATE_INFOPLIST_FILE = YES;
				INFOPLIST_KEY_UIApplicationSceneManifest_Generation = YES;
				INFOPLIST_KEY_UIApplicationSupportsIndirectInputEvents = YES;
				INFOPLIST_KEY_UILaunchScreen_Generation = YES;
				INFOPLIST_KEY_UISupportedInterfaceOrientations = UIInterfaceOrientationPortrait;
				INFOPLIST_KEY_UISupportedInterfaceOrientations_iPad = "UIInterfaceOrientationLandscapeLeft UIInterfaceOrientationLandscapeRight UIInterfaceOrientationPortrait UIInterfaceOrientationPortraitUpsideDown";
				LD_RUNPATH_SEARCH_PATHS = (
					"$(inherited)",
					"@executable_path/Frameworks",
				);
				MARKETING_VERSION = 1.0;
				PRODUCT_BUNDLE_IDENTIFIER = com.lecle.Fructus;
				PRODUCT_NAME = "$(TARGET_NAME)";
				SWIFT_EMIT_LOC_STRINGS = YES;
				SWIFT_VERSION = 5.0;
				TARGETED_DEVICE_FAMILY = "1,2";
			};
			name = Release;
		};
/* End XCBuildConfiguration section */

/* Begin XCConfigurationList section */
		8F69C8B729C2404100903FEE /* Build configuration list for PBXProject "Fructus" */ = {
			isa = XCConfigurationList;
			buildConfigurations = (
				8F69C8C829C2404200903FEE /* Debug */,
				8F69C8C929C2404200903FEE /* Release */,
			);
			defaultConfigurationIsVisible = 0;
			defaultConfigurationName = Release;
		};
		8F69C8CA29C2404200903FEE /* Build configuration list for PBXNativeTarget "Fructus" */ = {
			isa = XCConfigurationList;
			buildConfigurations = (
				8F69C8CB29C2404200903FEE /* Debug */,
				8F69C8CC29C2404200903FEE /* Release */,
			);
			defaultConfigurationIsVisible = 0;
			defaultConfigurationName = Release;
		};
/* End XCConfigurationList section */
	};
	rootObject = 8F69C8B429C2404100903FEE /* Project object */;
}
